
Microsoft Visual Studio Solution File, Format Version 12.00
# Visual Studio Version 17
VisualStudioVersion = 17.5.33530.505
MinimumVisualStudioVersion = 10.0.40219.1
Project("{FAE04EC0-301F-11D3-BF4B-00C04F79EFBC}") = "HotelRoomBooking", "HotelRoomBooking\HotelRoomBooking.csproj", "{A1C9864F-CE8D-45BF-BF76-D9D86F33A043}"
EndProject
Global
	GlobalSection(SolutionConfigurationPlatforms) = preSolution
		Debug|Any CPU = Debug|Any CPU
		Release|Any CPU = Release|Any CPU
	EndGlobalSection
	GlobalSection(ProjectConfigurationPlatforms) = postSolution
		{A1C9864F-CE8D-45BF-BF76-D9D86F33A043}.Debug|Any CPU.ActiveCfg = Debug|Any CPU
		{A1C9864F-CE8D-45BF-BF76-D9D86F33A043}.Debug|Any CPU.Build.0 = Debug|Any CPU
		{A1C9864F-CE8D-45BF-BF76-D9D86F33A043}.Release|Any CPU.ActiveCfg = Release|Any CPU
		{A1C9864F-CE8D-45BF-BF76-D9D86F33A043}.Release|Any CPU.Build.0 = Release|Any CPU
	EndGlobalSection
	GlobalSection(SolutionProperties) = preSolution
		HideSolutionNode = FALSE
	EndGlobalSection
	GlobalSection(ExtensibilityGlobals) = postSolution
		SolutionGuid = {A92E9675-62D0-413A-A101-5F726BCB962E}
	EndGlobalSection
EndGlobal
